
Microsoft Visual Studio Solution File, Format Version 12.00
# Visual Studio 15
VisualStudioVersion = 15.0.28307.329
MinimumVisualStudioVersion = 10.0.40219.1
Project("{FAE04EC0-301F-11D3-BF4B-00C04F79EFBC}") = "Garduino.Android", "Garduino\Garduino.Android\Garduino.Android.csproj", "{50C49044-C571-4181-8F0D-FFC59F88D270}"
EndProject
Project("{9A19103F-16F7-4668-BE54-9A1E7A4F7556}") = "Garduino", "Garduino\Garduino\Garduino.csproj", "{6FD99DD8-9029-43DA-ADBE-A3B49DF7EFFE}"
EndProject
Project("{9A19103F-16F7-4668-BE54-9A1E7A4F7556}") = "CC", "..\..\ConnectionClient\ConnectionClient\CC.csproj", "{BBFCFA2D-3C8C-45BD-8719-219BD2AF5BD2}"
EndProject
Global
	GlobalSection(SolutionConfigurationPlatforms) = preSolution
		Debug|Any CPU = Debug|Any CPU
		Release|Any CPU = Release|Any CPU
	EndGlobalSection
	GlobalSection(ProjectConfigurationPlatforms) = postSolution
		{50C49044-C571-4181-8F0D-FFC59F88D270}.Debug|Any CPU.ActiveCfg = Debug|Any CPU
		{50C49044-C571-4181-8F0D-FFC59F88D270}.Debug|Any CPU.Build.0 = Debug|Any CPU
		{50C49044-C571-4181-8F0D-FFC59F88D270}.Debug|Any CPU.Deploy.0 = Debug|Any CPU
		{50C49044-C571-4181-8F0D-FFC59F88D270}.Release|Any CPU.ActiveCfg = Release|Any CPU
		{50C49044-C571-4181-8F0D-FFC59F88D270}.Release|Any CPU.Build.0 = Release|Any CPU
		{50C49044-C571-4181-8F0D-FFC59F88D270}.Release|Any CPU.Deploy.0 = Release|Any CPU
		{6FD99DD8-9029-43DA-ADBE-A3B49DF7EFFE}.Debug|Any CPU.ActiveCfg = Debug|Any CPU
		{6FD99DD8-9029-43DA-ADBE-A3B49DF7EFFE}.Debug|Any CPU.Build.0 = Debug|Any CPU
		{6FD99DD8-9029-43DA-ADBE-A3B49DF7EFFE}.Debug|Any CPU.Deploy.0 = Debug|Any CPU
		{6FD99DD8-9029-43DA-ADBE-A3B49DF7EFFE}.Release|Any CPU.ActiveCfg = Release|Any CPU
		{6FD99DD8-9029-43DA-ADBE-A3B49DF7EFFE}.Release|Any CPU.Build.0 = Release|Any CPU
		{6FD99DD8-9029-43DA-ADBE-A3B49DF7EFFE}.Release|Any CPU.Deploy.0 = Release|Any CPU
		{BBFCFA2D-3C8C-45BD-8719-219BD2AF5BD2}.Debug|Any CPU.ActiveCfg = Debug|Any CPU
		{BBFCFA2D-3C8C-45BD-8719-219BD2AF5BD2}.Debug|Any CPU.Build.0 = Debug|Any CPU
		{BBFCFA2D-3C8C-45BD-8719-219BD2AF5BD2}.Release|Any CPU.ActiveCfg = Release|Any CPU
		{BBFCFA2D-3C8C-45BD-8719-219BD2AF5BD2}.Release|Any CPU.Build.0 = Release|Any CPU
	EndGlobalSection
	GlobalSection(SolutionProperties) = preSolution
		HideSolutionNode = FALSE
	EndGlobalSection
	GlobalSection(ExtensibilityGlobals) = postSolution
		SolutionGuid = {FB0594E3-0349-42FA-AFF1-78A832FA42F9}
	EndGlobalSection
EndGlobal
